PODS:
  - Alamofire (5.2.1)
  - Kanna (5.2.3)
  - PanModal (1.2.7)

DEPENDENCIES:
  - Alamofire
  - Kanna
  - PanModal

SPEC REPOS:
  trunk:
    - Alamofire
    - Kanna
    - PanModal

SPEC CHECKSUMS:
  Alamofire: e911732990610fe89af59ac0077f923d72dc3dfd
  Kanna: 113d111e95d7e903efe0c3eb7221f7635716084c
  PanModal: 3e16ead1a907fb06f4df3f13492fd00149fa4974

PODFILE CHECKSUM: 98816c86463da569158a9ca68845be8470d7292e

COCOAPODS: 1.9.3
