// !$*UTF8*$!
{
	archiveVersion = 1;
	classes = {
	};
	objectVersion = 51;
	objects = {

/* Begin PBXBuildFile section */
		0AE426B9EBA4270BEDBADF6F /* Pods_NarouReaderV2Tests.framework in Frameworks */ = {isa = PBXBuildFile; fileRef = BCAA078269395D968AEFDE22 /* Pods_NarouReaderV2Tests.framework */; };
		41AF2E5402C0572284490144 /* Pods_NarouReaderV2.framework in Frameworks */ = {isa = PBXBuildFile; fileRef = 6EF306F7C03352A26149CC17 /* Pods_NarouReaderV2.framework */; };
		5151DD1F0B7FA1A356B0FA1B /* Pods_NarouReaderV2_NarouReaderV2UITests.framework in Frameworks */ = {isa = PBXBuildFile; fileRef = 71DE01CE854CC01335E4B65A /* Pods_NarouReaderV2_NarouReaderV2UITests.framework */; };
		681D2A17258C3EA1003C8D84 /* SearchSettingViewModelProtocol.swift in Sources */ = {isa = PBXBuildFile; fileRef = 681D2A13258C3EA1003C8D84 /* SearchSettingViewModelProtocol.swift */; };
		681D2A18258C3EA1003C8D84 /* SearchSettingViewController.swift in Sources */ = {isa = PBXBuildFile; fileRef = 681D2A14258C3EA1003C8D84 /* SearchSettingViewController.swift */; };
		681D2A19258C3EA1003C8D84 /* SearchSettingViewModel.swift in Sources */ = {isa = PBXBuildFile; fileRef = 681D2A15258C3EA1003C8D84 /* SearchSettingViewModel.swift */; };
		681D2A1A258C3EA1003C8D84 /* SearchSettingViewController.xib in Resources */ = {isa = PBXBuildFile; fileRef = 681D2A16258C3EA1003C8D84 /* SearchSettingViewController.xib */; };
		684EDBFD2569F1AD000C4EAA /* ChapterViewTableViewCell.swift in Sources */ = {isa = PBXBuildFile; fileRef = 684EDBFB2569F1AD000C4EAA /* ChapterViewTableViewCell.swift */; };
		684EDBFE2569F1AD000C4EAA /* ChapterViewTableViewCell.xib in Resources */ = {isa = PBXBuildFile; fileRef = 684EDBFC2569F1AD000C4EAA /* ChapterViewTableViewCell.xib */; };
		684EDC32256F80FB000C4EAA /* SearchViewModelProtocol.swift in Sources */ = {isa = PBXBuildFile; fileRef = 684EDC2E256F80FB000C4EAA /* SearchViewModelProtocol.swift */; };
		684EDC33256F80FB000C4EAA /* SearchViewController.swift in Sources */ = {isa = PBXBuildFile; fileRef = 684EDC2F256F80FB000C4EAA /* SearchViewController.swift */; };
		684EDC34256F80FB000C4EAA /* SearchViewModel.swift in Sources */ = {isa = PBXBuildFile; fileRef = 684EDC30256F80FB000C4EAA /* SearchViewModel.swift */; };
		684EDC35256F80FB000C4EAA /* SearchViewController.xib in Resources */ = {isa = PBXBuildFile; fileRef = 684EDC31256F80FB000C4EAA /* SearchViewController.xib */; };
		684EDC3A256F85AC000C4EAA /* NarouAPI.swift in Sources */ = {isa = PBXBuildFile; fileRef = 684EDC39256F85AC000C4EAA /* NarouAPI.swift */; };
		685076E72560C2EB00766490 /* AppDelegate.swift in Sources */ = {isa = PBXBuildFile; fileRef = 685076E62560C2EB00766490 /* AppDelegate.swift */; };
		685076F02560C2EE00766490 /* Assets.xcassets in Resources */ = {isa = PBXBuildFile; fileRef = 685076EF2560C2EE00766490 /* Assets.xcassets */; };
		685076F32560C2EE00766490 /* LaunchScreen.storyboard in Resources */ = {isa = PBXBuildFile; fileRef = 685076F12560C2EE00766490 /* LaunchScreen.storyboard */; };
		685076FE2560C2EE00766490 /* NarouReaderV2Tests.swift in Sources */ = {isa = PBXBuildFile; fileRef = 685076FD2560C2EE00766490 /* NarouReaderV2Tests.swift */; };
		685077092560C2EE00766490 /* NarouReaderV2UITests.swift in Sources */ = {isa = PBXBuildFile; fileRef = 685077082560C2EE00766490 /* NarouReaderV2UITests.swift */; };
		6864BFD02576481700FE1A0B /* NovelsDetailViewModelProtocol.swift in Sources */ = {isa = PBXBuildFile; fileRef = 6864BFCC2576481700FE1A0B /* NovelsDetailViewModelProtocol.swift */; };
		6864BFD12576481700FE1A0B /* NovelsDetailViewController.swift in Sources */ = {isa = PBXBuildFile; fileRef = 6864BFCD2576481700FE1A0B /* NovelsDetailViewController.swift */; };
		6864BFD22576481700FE1A0B /* NovelsDetailViewModel.swift in Sources */ = {isa = PBXBuildFile; fileRef = 6864BFCE2576481700FE1A0B /* NovelsDetailViewModel.swift */; };
		6864BFD32576481700FE1A0B /* NovelsDetailViewController.xib in Resources */ = {isa = PBXBuildFile; fileRef = 6864BFCF2576481700FE1A0B /* NovelsDetailViewController.xib */; };
		6889C1AB2560C485001263BD /* ChapterViewModelProtocol.swift in Sources */ = {isa = PBXBuildFile; fileRef = 6889C1A72560C485001263BD /* ChapterViewModelProtocol.swift */; };
		6889C1AC2560C485001263BD /* ChapterViewController.swift in Sources */ = {isa = PBXBuildFile; fileRef = 6889C1A82560C485001263BD /* ChapterViewController.swift */; };
		6889C1AD2560C485001263BD /* ChapterViewModel.swift in Sources */ = {isa = PBXBuildFile; fileRef = 6889C1A92560C485001263BD /* ChapterViewModel.swift */; };
		6889C1AE2560C485001263BD /* ChapterViewController.xib in Resources */ = {isa = PBXBuildFile; fileRef = 6889C1AA2560C485001263BD /* ChapterViewController.xib */; };
		6889C1B72560C4E0001263BD /* Chapter.swift in Sources */ = {isa = PBXBuildFile; fileRef = 6889C1B62560C4E0001263BD /* Chapter.swift */; };
		68951537257B15FA00881E7D /* getNovels.swift in Sources */ = {isa = PBXBuildFile; fileRef = 68951536257B15FA00881E7D /* getNovels.swift */; };
		689BE1DD25652E62003D668B /* BookViewModelProtocol.swift in Sources */ = {isa = PBXBuildFile; fileRef = 689BE1D925652E62003D668B /* BookViewModelProtocol.swift */; };
		689BE1DE25652E62003D668B /* BookViewController.swift in Sources */ = {isa = PBXBuildFile; fileRef = 689BE1DA25652E62003D668B /* BookViewController.swift */; };
		689BE1DF25652E62003D668B /* BookViewModel.swift in Sources */ = {isa = PBXBuildFile; fileRef = 689BE1DB25652E62003D668B /* BookViewModel.swift */; };
		689BE1E025652E62003D668B /* BookViewController.xib in Resources */ = {isa = PBXBuildFile; fileRef = 689BE1DC25652E62003D668B /* BookViewController.xib */; };
		689BE1E82565D9F2003D668B /* Book.swift in Sources */ = {isa = PBXBuildFile; fileRef = 689BE1E72565D9F2003D668B /* Book.swift */; };
		689BE20C2565F891003D668B /* BookViewTableViewCell.swift in Sources */ = {isa = PBXBuildFile; fileRef = 689BE20A2565F891003D668B /* BookViewTableViewCell.swift */; };
		689BE20D2565F891003D668B /* BookViewTableViewCell.xib in Resources */ = {isa = PBXBuildFile; fileRef = 689BE20B2565F891003D668B /* BookViewTableViewCell.xib */; };
		68EF8D3D2563439E0099504E /* NovelViewModelProtocol.swift in Sources */ = {isa = PBXBuildFile; fileRef = 68EF8D392563439E0099504E /* NovelViewModelProtocol.swift */; };
		68EF8D3E2563439E0099504E /* NovelViewController.swift in Sources */ = {isa = PBXBuildFile; fileRef = 68EF8D3A2563439E0099504E /* NovelViewController.swift */; };
		68EF8D3F2563439E0099504E /* NovelViewModel.swift in Sources */ = {isa = PBXBuildFile; fileRef = 68EF8D3B2563439E0099504E /* NovelViewModel.swift */; };
		68EF8D402563439E0099504E /* NovelViewController.xib in Resources */ = {isa = PBXBuildFile; fileRef = 68EF8D3C2563439E0099504E /* NovelViewController.xib */; };
		68F2F9E525899D0000FED2CC /* TextTableViewCell.swift in Sources */ = {isa = PBXBuildFile; fileRef = 68F2F9E325899D0000FED2CC /* TextTableViewCell.swift */; };
		68F2F9E625899D0000FED2CC /* TextTableViewCell.xib in Resources */ = {isa = PBXBuildFile; fileRef = 68F2F9E425899D0000FED2CC /* TextTableViewCell.xib */; };
		68F2F9EC2589B06400FED2CC /* ToNextTableViewCell.swift in Sources */ = {isa = PBXBuildFile; fileRef = 68F2F9EA2589B06400FED2CC /* ToNextTableViewCell.swift */; };
		68F2F9ED2589B06400FED2CC /* ToNextTableViewCell.xib in Resources */ = {isa = PBXBuildFile; fileRef = 68F2F9EB2589B06400FED2CC /* ToNextTableViewCell.xib */; };
/* End PBXBuildFile section */

/* Begin PBXContainerItemProxy section */
		685076FA2560C2EE00766490 /* PBXContainerItemProxy */ = {
			isa = PBXContainerItemProxy;
			containerPortal = 685076DB2560C2EB00766490 /* Project object */;
			proxyType = 1;
			remoteGlobalIDString = 685076E22560C2EB00766490;
			remoteInfo = NarouReaderV2;
		};
		685077052560C2EE00766490 /* PBXContainerItemProxy */ = {
			isa = PBXContainerItemProxy;
			containerPortal = 685076DB2560C2EB00766490 /* Project object */;
			proxyType = 1;
			remoteGlobalIDString = 685076E22560C2EB00766490;
			remoteInfo = NarouReaderV2;
		};
/* End PBXContainerItemProxy section */

/* Begin PBXFileReference section */
		5E990B471C0811DFFC45F540 /* Pods-NarouReaderV2-NarouReaderV2UITests.debug.xcconfig */ = {isa = PBXFileReference; includeInIndex = 1; lastKnownFileType = text.xcconfig; name = "Pods-NarouReaderV2-NarouReaderV2UITests.debug.xcconfig"; path = "Target Support Files/Pods-NarouReaderV2-NarouReaderV2UITests/Pods-NarouReaderV2-NarouReaderV2UITests.debug.xcconfig"; sourceTree = "<group>"; };
		681D2A13258C3EA1003C8D84 /* SearchSettingViewModelProtocol.swift */ = {isa = PBXFileReference; lastKnownFileType = sourcecode.swift; path = SearchSettingViewModelProtocol.swift; sourceTree = "<group>"; };
		681D2A14258C3EA1003C8D84 /* SearchSettingViewController.swift */ = {isa = PBXFileReference; lastKnownFileType = sourcecode.swift; path = SearchSettingViewController.swift; sourceTree = "<group>"; };
		681D2A15258C3EA1003C8D84 /* SearchSettingViewModel.swift */ = {isa = PBXFileReference; lastKnownFileType = sourcecode.swift; path = SearchSettingViewModel.swift; sourceTree = "<group>"; };
		681D2A16258C3EA1003C8D84 /* SearchSettingViewController.xib */ = {isa = PBXFileReference; lastKnownFileType = file.xib; path = SearchSettingViewController.xib; sourceTree = "<group>"; };
		6835A402257F13B900C997F2 /* MyPlayground.playground */ = {isa = PBXFileReference; lastKnownFileType = file.playground; path = MyPlayground.playground; sourceTree = SOURCE_ROOT; xcLanguageSpecificationIdentifier = xcode.lang.swift; };
		684EDBFB2569F1AD000C4EAA /* ChapterViewTableViewCell.swift */ = {isa = PBXFileReference; lastKnownFileType = sourcecode.swift; path = ChapterViewTableViewCell.swift; sourceTree = "<group>"; };
		684EDBFC2569F1AD000C4EAA /* ChapterViewTableViewCell.xib */ = {isa = PBXFileReference; lastKnownFileType = file.xib; path = ChapterViewTableViewCell.xib; sourceTree = "<group>"; };
		684EDC2E256F80FB000C4EAA /* SearchViewModelProtocol.swift */ = {isa = PBXFileReference; lastKnownFileType = sourcecode.swift; path = SearchViewModelProtocol.swift; sourceTree = "<group>"; };
		684EDC2F256F80FB000C4EAA /* SearchViewController.swift */ = {isa = PBXFileReference; lastKnownFileType = sourcecode.swift; path = SearchViewController.swift; sourceTree = "<group>"; };
		684EDC30256F80FB000C4EAA /* SearchViewModel.swift */ = {isa = PBXFileReference; lastKnownFileType = sourcecode.swift; path = SearchViewModel.swift; sourceTree = "<group>"; };
		684EDC31256F80FB000C4EAA /* SearchViewController.xib */ = {isa = PBXFileReference; lastKnownFileType = file.xib; path = SearchViewController.xib; sourceTree = "<group>"; };
		684EDC39256F85AC000C4EAA /* NarouAPI.swift */ = {isa = PBXFileReference; lastKnownFileType = sourcecode.swift; path = NarouAPI.swift; sourceTree = "<group>"; };
		685076E32560C2EB00766490 /* NarouReaderV2.app */ = {isa = PBXFileReference; explicitFileType = wrapper.application; includeInIndex = 0; path = NarouReaderV2.app; sourceTree = BUILT_PRODUCTS_DIR; };
		685076E62560C2EB00766490 /* AppDelegate.swift */ = {isa = PBXFileReference; lastKnownFileType = sourcecode.swift; path = AppDelegate.swift; sourceTree = "<group>"; };
		685076EF2560C2EE00766490 /* Assets.xcassets */ = {isa = PBXFileReference; lastKnownFileType = folder.assetcatalog; path = Assets.xcassets; sourceTree = "<group>"; };
		685076F22560C2EE00766490 /* Base */ = {isa = PBXFileReference; lastKnownFileType = file.storyboard; name = Base; path = Base.lproj/LaunchScreen.storyboard; sourceTree = "<group>"; };
		685076F42560C2EE00766490 /* Info.plist */ = {isa = PBXFileReference; lastKnownFileType = text.plist.xml; path = Info.plist; sourceTree = "<group>"; };
		685076F92560C2EE00766490 /* NarouReaderV2Tests.xctest */ = {isa = PBXFileReference; explicitFileType = wrapper.cfbundle; includeInIndex = 0; path = NarouReaderV2Tests.xctest; sourceTree = BUILT_PRODUCTS_DIR; };
		685076FD2560C2EE00766490 /* NarouReaderV2Tests.swift */ = {isa = PBXFileReference; lastKnownFileType = sourcecode.swift; path = NarouReaderV2Tests.swift; sourceTree = "<group>"; };
		685076FF2560C2EE00766490 /* Info.plist */ = {isa = PBXFileReference; lastKnownFileType = text.plist.xml; path = Info.plist; sourceTree = "<group>"; };
		685077042560C2EE00766490 /* NarouReaderV2UITests.xctest */ = {isa = PBXFileReference; explicitFileType = wrapper.cfbundle; includeInIndex = 0; path = NarouReaderV2UITests.xctest; sourceTree = BUILT_PRODUCTS_DIR; };
		685077082560C2EE00766490 /* NarouReaderV2UITests.swift */ = {isa = PBXFileReference; lastKnownFileType = sourcecode.swift; path = NarouReaderV2UITests.swift; sourceTree = "<group>"; };
		6850770A2560C2EE00766490 /* Info.plist */ = {isa = PBXFileReference; lastKnownFileType = text.plist.xml; path = Info.plist; sourceTree = "<group>"; };
		6864BFCC2576481700FE1A0B /* NovelsDetailViewModelProtocol.swift */ = {isa = PBXFileReference; lastKnownFileType = sourcecode.swift; path = NovelsDetailViewModelProtocol.swift; sourceTree = "<group>"; };
		6864BFCD2576481700FE1A0B /* NovelsDetailViewController.swift */ = {isa = PBXFileReference; lastKnownFileType = sourcecode.swift; path = NovelsDetailViewController.swift; sourceTree = "<group>"; };
		6864BFCE2576481700FE1A0B /* NovelsDetailViewModel.swift */ = {isa = PBXFileReference; lastKnownFileType = sourcecode.swift; path = NovelsDetailViewModel.swift; sourceTree = "<group>"; };
		6864BFCF2576481700FE1A0B /* NovelsDetailViewController.xib */ = {isa = PBXFileReference; lastKnownFileType = file.xib; path = NovelsDetailViewController.xib; sourceTree = "<group>"; };
		6889C1A72560C485001263BD /* ChapterViewModelProtocol.swift */ = {isa = PBXFileReference; lastKnownFileType = sourcecode.swift; path = ChapterViewModelProtocol.swift; sourceTree = "<group>"; };
		6889C1A82560C485001263BD /* ChapterViewController.swift */ = {isa = PBXFileReference; lastKnownFileType = sourcecode.swift; path = ChapterViewController.swift; sourceTree = "<group>"; };
		6889C1A92560C485001263BD /* ChapterViewModel.swift */ = {isa = PBXFileReference; lastKnownFileType = sourcecode.swift; path = ChapterViewModel.swift; sourceTree = "<group>"; };
		6889C1AA2560C485001263BD /* ChapterViewController.xib */ = {isa = PBXFileReference; lastKnownFileType = file.xib; path = ChapterViewController.xib; sourceTree = "<group>"; };
		6889C1B62560C4E0001263BD /* Chapter.swift */ = {isa = PBXFileReference; lastKnownFileType = sourcecode.swift; path = Chapter.swift; sourceTree = "<group>"; };
		68951536257B15FA00881E7D /* getNovels.swift */ = {isa = PBXFileReference; lastKnownFileType = sourcecode.swift; path = getNovels.swift; sourceTree = "<group>"; };
		689BE1D925652E62003D668B /* BookViewModelProtocol.swift */ = {isa = PBXFileReference; lastKnownFileType = sourcecode.swift; path = BookViewModelProtocol.swift; sourceTree = "<group>"; };
		689BE1DA25652E62003D668B /* BookViewController.swift */ = {isa = PBXFileReference; lastKnownFileType = sourcecode.swift; path = BookViewController.swift; sourceTree = "<group>"; };
		689BE1DB25652E62003D668B /* BookViewModel.swift */ = {isa = PBXFileReference; lastKnownFileType = sourcecode.swift; path = BookViewModel.swift; sourceTree = "<group>"; };
		689BE1DC25652E62003D668B /* BookViewController.xib */ = {isa = PBXFileReference; lastKnownFileType = file.xib; path = BookViewController.xib; sourceTree = "<group>"; };
		689BE1E72565D9F2003D668B /* Book.swift */ = {isa = PBXFileReference; lastKnownFileType = sourcecode.swift; path = Book.swift; sourceTree = "<group>"; };
		689BE20A2565F891003D668B /* BookViewTableViewCell.swift */ = {isa = PBXFileReference; lastKnownFileType = sourcecode.swift; path = BookViewTableViewCell.swift; sourceTree = "<group>"; };
		689BE20B2565F891003D668B /* BookViewTableViewCell.xib */ = {isa = PBXFileReference; lastKnownFileType = file.xib; path = BookViewTableViewCell.xib; sourceTree = "<group>"; };
		68EF8D392563439E0099504E /* NovelViewModelProtocol.swift */ = {isa = PBXFileReference; lastKnownFileType = sourcecode.swift; path = NovelViewModelProtocol.swift; sourceTree = "<group>"; };
		68EF8D3A2563439E0099504E /* NovelViewController.swift */ = {isa = PBXFileReference; lastKnownFileType = sourcecode.swift; path = NovelViewController.swift; sourceTree = "<group>"; };
		68EF8D3B2563439E0099504E /* NovelViewModel.swift */ = {isa = PBXFileReference; lastKnownFileType = sourcecode.swift; path = NovelViewModel.swift; sourceTree = "<group>"; };
		68EF8D3C2563439E0099504E /* NovelViewController.xib */ = {isa = PBXFileReference; lastKnownFileType = file.xib; path = NovelViewController.xib; sourceTree = "<group>"; };
		68F2F9E325899D0000FED2CC /* TextTableViewCell.swift */ = {isa = PBXFileReference; lastKnownFileType = sourcecode.swift; path = TextTableViewCell.swift; sourceTree = "<group>"; };
		68F2F9E425899D0000FED2CC /* TextTableViewCell.xib */ = {isa = PBXFileReference; lastKnownFileType = file.xib; path = TextTableViewCell.xib; sourceTree = "<group>"; };
		68F2F9EA2589B06400FED2CC /* ToNextTableViewCell.swift */ = {isa = PBXFileReference; lastKnownFileType = sourcecode.swift; path = ToNextTableViewCell.swift; sourceTree = "<group>"; };
		68F2F9EB2589B06400FED2CC /* ToNextTableViewCell.xib */ = {isa = PBXFileReference; lastKnownFileType = file.xib; path = ToNextTableViewCell.xib; sourceTree = "<group>"; };
		6EF306F7C03352A26149CC17 /* Pods_NarouReaderV2.framework */ = {isa = PBXFileReference; explicitFileType = wrapper.framework; includeInIndex = 0; path = Pods_NarouReaderV2.framework; sourceTree = BUILT_PRODUCTS_DIR; };
		71DE01CE854CC01335E4B65A /* Pods_NarouReaderV2_NarouReaderV2UITests.framework */ = {isa = PBXFileReference; explicitFileType = wrapper.framework; includeInIndex = 0; path = Pods_NarouReaderV2_NarouReaderV2UITests.framework; sourceTree = BUILT_PRODUCTS_DIR; };
		7551225CF9AB769BCFE1BE33 /* Pods-NarouReaderV2-NarouReaderV2UITests.release.xcconfig */ = {isa = PBXFileReference; includeInIndex = 1; lastKnownFileType = text.xcconfig; name = "Pods-NarouReaderV2-NarouReaderV2UITests.release.xcconfig"; path = "Target Support Files/Pods-NarouReaderV2-NarouReaderV2UITests/Pods-NarouReaderV2-NarouReaderV2UITests.release.xcconfig"; sourceTree = "<group>"; };
		940856AFF1E03A25C66701D4 /* Pods-NarouReaderV2Tests.release.xcconfig */ = {isa = PBXFileReference; includeInIndex = 1; lastKnownFileType = text.xcconfig; name = "Pods-NarouReaderV2Tests.release.xcconfig"; path = "Target Support Files/Pods-NarouReaderV2Tests/Pods-NarouReaderV2Tests.release.xcconfig"; sourceTree = "<group>"; };
		95EC7C9B02A1DCD0D7A0B863 /* Pods-NarouReaderV2.debug.xcconfig */ = {isa = PBXFileReference; includeInIndex = 1; lastKnownFileType = text.xcconfig; name = "Pods-NarouReaderV2.debug.xcconfig"; path = "Target Support Files/Pods-NarouReaderV2/Pods-NarouReaderV2.debug.xcconfig"; sourceTree = "<group>"; };
		A211BA4A46E1D5B0D1CF3057 /* Pods-NarouReaderV2Tests.debug.xcconfig */ = {isa = PBXFileReference; includeInIndex = 1; lastKnownFileType = text.xcconfig; name = "Pods-NarouReaderV2Tests.debug.xcconfig"; path = "Target Support Files/Pods-NarouReaderV2Tests/Pods-NarouReaderV2Tests.debug.xcconfig"; sourceTree = "<group>"; };
		AABAB9A248F29A87974A6DE4 /* Pods-NarouReaderV2.release.xcconfig */ = {isa = PBXFileReference; includeInIndex = 1; lastKnownFileType = text.xcconfig; name = "Pods-NarouReaderV2.release.xcconfig"; path = "Target Support Files/Pods-NarouReaderV2/Pods-NarouReaderV2.release.xcconfig"; sourceTree = "<group>"; };
		BCAA078269395D968AEFDE22 /* Pods_NarouReaderV2Tests.framework */ = {isa = PBXFileReference; explicitFileType = wrapper.framework; includeInIndex = 0; path = Pods_NarouReaderV2Tests.framework; sourceTree = BUILT_PRODUCTS_DIR; };
/* End PBXFileReference section */

/* Begin PBXFrameworksBuildPhase section */
		685076E02560C2EB00766490 /* Frameworks */ = {
			isa = PBXFrameworksBuildPhase;
			buildActionMask = 2147483647;
			files = (
				41AF2E5402C0572284490144 /* Pods_NarouReaderV2.framework in Frameworks */,
			);
			runOnlyForDeploymentPostprocessing = 0;
		};
		685076F62560C2EE00766490 /* Frameworks */ = {
			isa = PBXFrameworksBuildPhase;
			buildActionMask = 2147483647;
			files = (
				0AE426B9EBA4270BEDBADF6F /* Pods_NarouReaderV2Tests.framework in Frameworks */,
			);
			runOnlyForDeploymentPostprocessing = 0;
		};
		685077012560C2EE00766490 /* Frameworks */ = {
			isa = PBXFrameworksBuildPhase;
			buildActionMask = 2147483647;
			files = (
				5151DD1F0B7FA1A356B0FA1B /* Pods_NarouReaderV2_NarouReaderV2UITests.framework in Frameworks */,
			);
			runOnlyForDeploymentPostprocessing = 0;
		};
/* End PBXFrameworksBuildPhase section */

/* Begin PBXGroup section */
		39EFA45E6C4F6796D118B6FE /* Pods */ = {
			isa = PBXGroup;
			children = (
				95EC7C9B02A1DCD0D7A0B863 /* Pods-NarouReaderV2.debug.xcconfig */,
				AABAB9A248F29A87974A6DE4 /* Pods-NarouReaderV2.release.xcconfig */,
				5E990B471C0811DFFC45F540 /* Pods-NarouReaderV2-NarouReaderV2UITests.debug.xcconfig */,
				7551225CF9AB769BCFE1BE33 /* Pods-NarouReaderV2-NarouReaderV2UITests.release.xcconfig */,
				A211BA4A46E1D5B0D1CF3057 /* Pods-NarouReaderV2Tests.debug.xcconfig */,
				940856AFF1E03A25C66701D4 /* Pods-NarouReaderV2Tests.release.xcconfig */,
			);
			path = Pods;
			sourceTree = "<group>";
		};
		681D2A12258C3E8A003C8D84 /* SearchSettingView */ = {
			isa = PBXGroup;
			children = (
				681D2A1E258C3EAC003C8D84 /* Model */,
				681D2A13258C3EA1003C8D84 /* SearchSettingViewModelProtocol.swift */,
				681D2A14258C3EA1003C8D84 /* SearchSettingViewController.swift */,
				681D2A15258C3EA1003C8D84 /* SearchSettingViewModel.swift */,
				681D2A16258C3EA1003C8D84 /* SearchSettingViewController.xib */,
			);
			path = SearchSettingView;
			sourceTree = "<group>";
		};
		681D2A1E258C3EAC003C8D84 /* Model */ = {
			isa = PBXGroup;
			children = (
			);
			path = Model;
			sourceTree = "<group>";
		};
		684EDBFA2569F19A000C4EAA /* Cell */ = {
			isa = PBXGroup;
			children = (
				684EDBFB2569F1AD000C4EAA /* ChapterViewTableViewCell.swift */,
				684EDBFC2569F1AD000C4EAA /* ChapterViewTableViewCell.xib */,
			);
			path = Cell;
			sourceTree = "<group>";
		};
		684EDC2D256F710F000C4EAA /* SearchView */ = {
			isa = PBXGroup;
			children = (
				681D2A12258C3E8A003C8D84 /* SearchSettingView */,
				684EDC2E256F80FB000C4EAA /* SearchViewModelProtocol.swift */,
				684EDC2F256F80FB000C4EAA /* SearchViewController.swift */,
				684EDC30256F80FB000C4EAA /* SearchViewModel.swift */,
				684EDC31256F80FB000C4EAA /* SearchViewController.xib */,
				6864BFCB2576472E00FE1A0B /* NovelsDetailView */,
			);
			path = SearchView;
			sourceTree = "<group>";
		};
		685076DA2560C2EB00766490 = {
			isa = PBXGroup;
			children = (
				6835A402257F13B900C997F2 /* MyPlayground.playground */,
				685076E52560C2EB00766490 /* NarouReaderV2 */,
				685076FC2560C2EE00766490 /* NarouReaderV2Tests */,
				685077072560C2EE00766490 /* NarouReaderV2UITests */,
				685076E42560C2EB00766490 /* Products */,
				39EFA45E6C4F6796D118B6FE /* Pods */,
				ABD82D084C9E33A299C3BAF3 /* Frameworks */,
			);
			sourceTree = "<group>";
		};
		685076E42560C2EB00766490 /* Products */ = {
			isa = PBXGroup;
			children = (
				685076E32560C2EB00766490 /* NarouReaderV2.app */,
				685076F92560C2EE00766490 /* NarouReaderV2Tests.xctest */,
				685077042560C2EE00766490 /* NarouReaderV2UITests.xctest */,
			);
			name = Products;
			sourceTree = "<group>";
		};
		685076E52560C2EB00766490 /* NarouReaderV2 */ = {
			isa = PBXGroup;
			children = (
				684EDC2D256F710F000C4EAA /* SearchView */,
				689BE1D825652E4E003D668B /* ReadView */,
				6889C1B22560C4BA001263BD /* Models */,
				685076E62560C2EB00766490 /* AppDelegate.swift */,
				685076EF2560C2EE00766490 /* Assets.xcassets */,
				685076F12560C2EE00766490 /* LaunchScreen.storyboard */,
				685076F42560C2EE00766490 /* Info.plist */,
			);
			path = NarouReaderV2;
			sourceTree = "<group>";
		};
		685076FC2560C2EE00766490 /* NarouReaderV2Tests */ = {
			isa = PBXGroup;
			children = (
				685076FD2560C2EE00766490 /* NarouReaderV2Tests.swift */,
				685076FF2560C2EE00766490 /* Info.plist */,
			);
			path = NarouReaderV2Tests;
			sourceTree = "<group>";
		};
		685077072560C2EE00766490 /* NarouReaderV2UITests */ = {
			isa = PBXGroup;
			children = (
				685077082560C2EE00766490 /* NarouReaderV2UITests.swift */,
				6850770A2560C2EE00766490 /* Info.plist */,
			);
			path = NarouReaderV2UITests;
			sourceTree = "<group>";
		};
		6864BFCB2576472E00FE1A0B /* NovelsDetailView */ = {
			isa = PBXGroup;
			children = (
				6864BFCC2576481700FE1A0B /* NovelsDetailViewModelProtocol.swift */,
				6864BFCD2576481700FE1A0B /* NovelsDetailViewController.swift */,
				6864BFCE2576481700FE1A0B /* NovelsDetailViewModel.swift */,
				6864BFCF2576481700FE1A0B /* NovelsDetailViewController.xib */,
			);
			path = NovelsDetailView;
			sourceTree = "<group>";
		};
		6889C1A62560C465001263BD /* ChapterView */ = {
			isa = PBXGroup;
			children = (
				684EDBFA2569F19A000C4EAA /* Cell */,
				6889C1A72560C485001263BD /* ChapterViewModelProtocol.swift */,
				6889C1A82560C485001263BD /* ChapterViewController.swift */,
				6889C1A92560C485001263BD /* ChapterViewModel.swift */,
				6889C1AA2560C485001263BD /* ChapterViewController.xib */,
				68EF8D38256343820099504E /* NovelView */,
			);
			path = ChapterView;
			sourceTree = "<group>";
		};
		6889C1B22560C4BA001263BD /* Models */ = {
			isa = PBXGroup;
			children = (
				6889C1B62560C4E0001263BD /* Chapter.swift */,
				689BE1E72565D9F2003D668B /* Book.swift */,
				684EDC39256F85AC000C4EAA /* NarouAPI.swift */,
				68951536257B15FA00881E7D /* getNovels.swift */,
			);
			path = Models;
			sourceTree = "<group>";
		};
		689BE1D825652E4E003D668B /* ReadView */ = {
			isa = PBXGroup;
			children = (
				689BE2062565ECF2003D668B /* Cell */,
				689BE1D925652E62003D668B /* BookViewModelProtocol.swift */,
				689BE1DA25652E62003D668B /* BookViewController.swift */,
				689BE1DB25652E62003D668B /* BookViewModel.swift */,
				689BE1DC25652E62003D668B /* BookViewController.xib */,
				6889C1A62560C465001263BD /* ChapterView */,
			);
			path = ReadView;
			sourceTree = "<group>";
		};
		689BE2062565ECF2003D668B /* Cell */ = {
			isa = PBXGroup;
			children = (
				689BE20A2565F891003D668B /* BookViewTableViewCell.swift */,
				689BE20B2565F891003D668B /* BookViewTableViewCell.xib */,
			);
			path = Cell;
			sourceTree = "<group>";
		};
		68EF8D38256343820099504E /* NovelView */ = {
			isa = PBXGroup;
			children = (
				68F2F9E225899CD100FED2CC /* Ocell */,
				68EF8D392563439E0099504E /* NovelViewModelProtocol.swift */,
				68EF8D3A2563439E0099504E /* NovelViewController.swift */,
				68EF8D3B2563439E0099504E /* NovelViewModel.swift */,
				68EF8D3C2563439E0099504E /* NovelViewController.xib */,
			);
			path = NovelView;
			sourceTree = "<group>";
		};
		68F2F9E225899CD100FED2CC /* Ocell */ = {
			isa = PBXGroup;
			children = (
				68F2F9E325899D0000FED2CC /* TextTableViewCell.swift */,
				68F2F9E425899D0000FED2CC /* TextTableViewCell.xib */,
				68F2F9EA2589B06400FED2CC /* ToNextTableViewCell.swift */,
				68F2F9EB2589B06400FED2CC /* ToNextTableViewCell.xib */,
			);
			path = Ocell;
			sourceTree = "<group>";
		};
		ABD82D084C9E33A299C3BAF3 /* Frameworks */ = {
			isa = PBXGroup;
			children = (
				6EF306F7C03352A26149CC17 /* Pods_NarouReaderV2.framework */,
				71DE01CE854CC01335E4B65A /* Pods_NarouReaderV2_NarouReaderV2UITests.framework */,
				BCAA078269395D968AEFDE22 /* Pods_NarouReaderV2Tests.framework */,
			);
			name = Frameworks;
			sourceTree = "<group>";
		};
/* End PBXGroup section */

/* Begin PBXNativeTarget section */
		685076E22560C2EB00766490 /* NarouReaderV2 */ = {
			isa = PBXNativeTarget;
			buildConfigurationList = 6850770D2560C2EE00766490 /* Build configuration list for PBXNativeTarget "NarouReaderV2" */;
			buildPhases = (
				FFC25D6C013820BF2843DFF5 /* [CP] Check Pods Manifest.lock */,
				685076DF2560C2EB00766490 /* Sources */,
				685076E02560C2EB00766490 /* Frameworks */,
				685076E12560C2EB00766490 /* Resources */,
				15FEF89D87341437884F7AC1 /* [CP] Embed Pods Frameworks */,
			);
			buildRules = (
			);
			dependencies = (
			);
			name = NarouReaderV2;
			productName = NarouReaderV2;
			productReference = 685076E32560C2EB00766490 /* NarouReaderV2.app */;
			productType = "com.apple.product-type.application";
		};
		685076F82560C2EE00766490 /* NarouReaderV2Tests */ = {
			isa = PBXNativeTarget;
			buildConfigurationList = 685077102560C2EE00766490 /* Build configuration list for PBXNativeTarget "NarouReaderV2Tests" */;
			buildPhases = (
				98341BBB3F24704B3FBB1D9B /* [CP] Check Pods Manifest.lock */,
				685076F52560C2EE00766490 /* Sources */,
				685076F62560C2EE00766490 /* Frameworks */,
				685076F72560C2EE00766490 /* Resources */,
			);
			buildRules = (
			);
			dependencies = (
				685076FB2560C2EE00766490 /* PBXTargetDependency */,
			);
			name = NarouReaderV2Tests;
			productName = NarouReaderV2Tests;
			productReference = 685076F92560C2EE00766490 /* NarouReaderV2Tests.xctest */;
			productType = "com.apple.product-type.bundle.unit-test";
		};
		685077032560C2EE00766490 /* NarouReaderV2UITests */ = {
			isa = PBXNativeTarget;
			buildConfigurationList = 685077132560C2EE00766490 /* Build configuration list for PBXNativeTarget "NarouReaderV2UITests" */;
			buildPhases = (
				52371FDBD6196DF4E58FAE6A /* [CP] Check Pods Manifest.lock */,
				685077002560C2EE00766490 /* Sources */,
				685077012560C2EE00766490 /* Frameworks */,
				685077022560C2EE00766490 /* Resources */,
				4B33FC174B3A0DE73A8F232E /* [CP] Embed Pods Frameworks */,
			);
			buildRules = (
			);
			dependencies = (
				685077062560C2EE00766490 /* PBXTargetDependency */,
			);
			name = NarouReaderV2UITests;
			productName = NarouReaderV2UITests;
			productReference = 685077042560C2EE00766490 /* NarouReaderV2UITests.xctest */;
			productType = "com.apple.product-type.bundle.ui-testing";
		};
/* End PBXNativeTarget section */

/* Begin PBXProject section */
		685076DB2560C2EB00766490 /* Project object */ = {
			isa = PBXProject;
			attributes = {
				LastSwiftUpdateCheck = 1210;
				LastUpgradeCheck = 1210;
				TargetAttributes = {
					685076E22560C2EB00766490 = {
						CreatedOnToolsVersion = 12.1;
					};
					685076F82560C2EE00766490 = {
						CreatedOnToolsVersion = 12.1;
						TestTargetID = 685076E22560C2EB00766490;
					};
					685077032560C2EE00766490 = {
						CreatedOnToolsVersion = 12.1;
						TestTargetID = 685076E22560C2EB00766490;
					};
				};
			};
			buildConfigurationList = 685076DE2560C2EB00766490 /* Build configuration list for PBXProject "NarouReaderV2" */;
			compatibilityVersion = "Xcode 9.3";
			developmentRegion = en;
			hasScannedForEncodings = 0;
			knownRegions = (
				en,
				Base,
			);
			mainGroup = 685076DA2560C2EB00766490;
			productRefGroup = 685076E42560C2EB00766490 /* Products */;
			projectDirPath = "";
			projectRoot = "";
			targets = (
				685076E22560C2EB00766490 /* NarouReaderV2 */,
				685076F82560C2EE00766490 /* NarouReaderV2Tests */,
				685077032560C2EE00766490 /* NarouReaderV2UITests */,
			);
		};
/* End PBXProject section */

/* Begin PBXResourcesBuildPhase section */
		685076E12560C2EB00766490 /* Resources */ = {
			isa = PBXResourcesBuildPhase;
			buildActionMask = 2147483647;
			files = (
				6889C1AE2560C485001263BD /* ChapterViewController.xib in Resources */,
				685076F32560C2EE00766490 /* LaunchScreen.storyboard in Resources */,
				68F2F9E625899D0000FED2CC /* TextTableViewCell.xib in Resources */,
				6864BFD32576481700FE1A0B /* NovelsDetailViewController.xib in Resources */,
				684EDBFE2569F1AD000C4EAA /* ChapterViewTableViewCell.xib in Resources */,
				689BE1E025652E62003D668B /* BookViewController.xib in Resources */,
				689BE20D2565F891003D668B /* BookViewTableViewCell.xib in Resources */,
				684EDC35256F80FB000C4EAA /* SearchViewController.xib in Resources */,
				68F2F9ED2589B06400FED2CC /* ToNextTableViewCell.xib in Resources */,
				68EF8D402563439E0099504E /* NovelViewController.xib in Resources */,
				685076F02560C2EE00766490 /* Assets.xcassets in Resources */,
				681D2A1A258C3EA1003C8D84 /* SearchSettingViewController.xib in Resources */,
			);
			runOnlyForDeploymentPostprocessing = 0;
		};
		685076F72560C2EE00766490 /* Resources */ = {
			isa = PBXResourcesBuildPhase;
			buildActionMask = 2147483647;
			files = (
			);
			runOnlyForDeploymentPostprocessing = 0;
		};
		685077022560C2EE00766490 /* Resources */ = {
			isa = PBXResourcesBuildPhase;
			buildActionMask = 2147483647;
			files = (
			);
			runOnlyForDeploymentPostprocessing = 0;
		};
/* End PBXResourcesBuildPhase section */

/* Begin PBXShellScriptBuildPhase section */
		15FEF89D87341437884F7AC1 /* [CP] Embed Pods Frameworks */ = {
			isa = PBXShellScriptBuildPhase;
			buildActionMask = 2147483647;
			files = (
			);
			inputFileListPaths = (
				"${PODS_ROOT}/Target Support Files/Pods-NarouReaderV2/Pods-NarouReaderV2-frameworks-${CONFIGURATION}-input-files.xcfilelist",
			);
			name = "[CP] Embed Pods Frameworks";
			outputFileListPaths = (
				"${PODS_ROOT}/Target Support Files/Pods-NarouReaderV2/Pods-NarouReaderV2-frameworks-${CONFIGURATION}-output-files.xcfilelist",
			);
			runOnlyForDeploymentPostprocessing = 0;
			shellPath = /bin/sh;
			shellScript = "\"${PODS_ROOT}/Target Support Files/Pods-NarouReaderV2/Pods-NarouReaderV2-frameworks.sh\"\n";
			showEnvVarsInLog = 0;
		};
		4B33FC174B3A0DE73A8F232E /* [CP] Embed Pods Frameworks */ = {
			isa = PBXShellScriptBuildPhase;
			buildActionMask = 2147483647;
			files = (
			);
			inputFileListPaths = (
				"${PODS_ROOT}/Target Support Files/Pods-NarouReaderV2-NarouReaderV2UITests/Pods-NarouReaderV2-NarouReaderV2UITests-frameworks-${CONFIGURATION}-input-files.xcfilelist",
			);
			name = "[CP] Embed Pods Frameworks";
			outputFileListPaths = (
				"${PODS_ROOT}/Target Support Files/Pods-NarouReaderV2-NarouReaderV2UITests/Pods-NarouReaderV2-NarouReaderV2UITests-frameworks-${CONFIGURATION}-output-files.xcfilelist",
			);
			runOnlyForDeploymentPostprocessing = 0;
			shellPath = /bin/sh;
			shellScript = "\"${PODS_ROOT}/Target Support Files/Pods-NarouReaderV2-NarouReaderV2UITests/Pods-NarouReaderV2-NarouReaderV2UITests-frameworks.sh\"\n";
			showEnvVarsInLog = 0;
		};
		52371FDBD6196DF4E58FAE6A /* [CP] Check Pods Manifest.lock */ = {
			isa = PBXShellScriptBuildPhase;
			buildActionMask = 2147483647;
			files = (
			);
			inputFileListPaths = (
			);
			inputPaths = (
				"${PODS_PODFILE_DIR_PATH}/Podfile.lock",
				"${PODS_ROOT}/Manifest.lock",
			);
			name = "[CP] Check Pods Manifest.lock";
			outputFileListPaths = (
			);
			outputPaths = (
				"$(DERIVED_FILE_DIR)/Pods-NarouReaderV2-NarouReaderV2UITests-checkManifestLockResult.txt",
			);
			runOnlyForDeploymentPostprocessing = 0;
			shellPath = /bin/sh;
			shellScript = "diff \"${PODS_PODFILE_DIR_PATH}/Podfile.lock\" \"${PODS_ROOT}/Manifest.lock\" > /dev/null\nif [ $? != 0 ] ; then\n    # print error to STDERR\n    echo \"error: The sandbox is not in sync with the Podfile.lock. Run 'pod install' or update your CocoaPods installation.\" >&2\n    exit 1\nfi\n# This output is used by Xcode 'outputs' to avoid re-running this script phase.\necho \"SUCCESS\" > \"${SCRIPT_OUTPUT_FILE_0}\"\n";
			showEnvVarsInLog = 0;
		};
		98341BBB3F24704B3FBB1D9B /* [CP] Check Pods Manifest.lock */ = {
			isa = PBXShellScriptBuildPhase;
			buildActionMask = 2147483647;
			files = (
			);
			inputFileListPaths = (
			);
			inputPaths = (
				"${PODS_PODFILE_DIR_PATH}/Podfile.lock",
				"${PODS_ROOT}/Manifest.lock",
			);
			name = "[CP] Check Pods Manifest.lock";
			outputFileListPaths = (
			);
			outputPaths = (
				"$(DERIVED_FILE_DIR)/Pods-NarouReaderV2Tests-checkManifestLockResult.txt",
			);
			runOnlyForDeploymentPostprocessing = 0;
			shellPath = /bin/sh;
			shellScript = "diff \"${PODS_PODFILE_DIR_PATH}/Podfile.lock\" \"${PODS_ROOT}/Manifest.lock\" > /dev/null\nif [ $? != 0 ] ; then\n    # print error to STDERR\n    echo \"error: The sandbox is not in sync with the Podfile.lock. Run 'pod install' or update your CocoaPods installation.\" >&2\n    exit 1\nfi\n# This output is used by Xcode 'outputs' to avoid re-running this script phase.\necho \"SUCCESS\" > \"${SCRIPT_OUTPUT_FILE_0}\"\n";
			showEnvVarsInLog = 0;
		};
		FFC25D6C013820BF2843DFF5 /* [CP] Check Pods Manifest.lock */ = {
			isa = PBXShellScriptBuildPhase;
			buildActionMask = 2147483647;
			files = (
			);
			inputFileListPaths = (
			);
			inputPaths = (
				"${PODS_PODFILE_DIR_PATH}/Podfile.lock",
				"${PODS_ROOT}/Manifest.lock",
			);
			name = "[CP] Check Pods Manifest.lock";
			outputFileListPaths = (
			);
			outputPaths = (
				"$(DERIVED_FILE_DIR)/Pods-NarouReaderV2-checkManifestLockResult.txt",
			);
			runOnlyForDeploymentPostprocessing = 0;
			shellPath = /bin/sh;
			shellScript = "diff \"${PODS_PODFILE_DIR_PATH}/Podfile.lock\" \"${PODS_ROOT}/Manifest.lock\" > /dev/null\nif [ $? != 0 ] ; then\n    # print error to STDERR\n    echo \"error: The sandbox is not in sync with the Podfile.lock. Run 'pod install' or update your CocoaPods installation.\" >&2\n    exit 1\nfi\n# This output is used by Xcode 'outputs' to avoid re-running this script phase.\necho \"SUCCESS\" > \"${SCRIPT_OUTPUT_FILE_0}\"\n";
			showEnvVarsInLog = 0;
		};
/* End PBXShellScriptBuildPhase section */

/* Begin PBXSourcesBuildPhase section */
		685076DF2560C2EB00766490 /* Sources */ = {
			isa = PBXSourcesBuildPhase;
			buildActionMask = 2147483647;
			files = (
				684EDC34256F80FB000C4EAA /* SearchViewModel.swift in Sources */,
				681D2A18258C3EA1003C8D84 /* SearchSettingViewController.swift in Sources */,
				689BE1E82565D9F2003D668B /* Book.swift in Sources */,
				68EF8D3F2563439E0099504E /* NovelViewModel.swift in Sources */,
				68EF8D3E2563439E0099504E /* NovelViewController.swift in Sources */,
				681D2A19258C3EA1003C8D84 /* SearchSettingViewModel.swift in Sources */,
				6864BFD12576481700FE1A0B /* NovelsDetailViewController.swift in Sources */,
				689BE1DE25652E62003D668B /* BookViewController.swift in Sources */,
				684EDC3A256F85AC000C4EAA /* NarouAPI.swift in Sources */,
				685076E72560C2EB00766490 /* AppDelegate.swift in Sources */,
				684EDBFD2569F1AD000C4EAA /* ChapterViewTableViewCell.swift in Sources */,
				689BE1DF25652E62003D668B /* BookViewModel.swift in Sources */,
				6889C1AC2560C485001263BD /* ChapterViewController.swift in Sources */,
				68951537257B15FA00881E7D /* getNovels.swift in Sources */,
				68F2F9E525899D0000FED2CC /* TextTableViewCell.swift in Sources */,
				684EDC32256F80FB000C4EAA /* SearchViewModelProtocol.swift in Sources */,
				681D2A17258C3EA1003C8D84 /* SearchSettingViewModelProtocol.swift in Sources */,
				689BE20C2565F891003D668B /* BookViewTableViewCell.swift in Sources */,
				6889C1AD2560C485001263BD /* ChapterViewModel.swift in Sources */,
				684EDC33256F80FB000C4EAA /* SearchViewController.swift in Sources */,
				6889C1AB2560C485001263BD /* ChapterViewModelProtocol.swift in Sources */,
				68F2F9EC2589B06400FED2CC /* ToNextTableViewCell.swift in Sources */,
				6864BFD22576481700FE1A0B /* NovelsDetailViewModel.swift in Sources */,
				6889C1B72560C4E0001263BD /* Chapter.swift in Sources */,
				68EF8D3D2563439E0099504E /* NovelViewModelProtocol.swift in Sources */,
				6864BFD02576481700FE1A0B /* NovelsDetailViewModelProtocol.swift in Sources */,
				689BE1DD25652E62003D668B /* BookViewModelProtocol.swift in Sources */,
			);
			runOnlyForDeploymentPostprocessing = 0;
		};
		685076F52560C2EE00766490 /* Sources */ = {
			isa = PBXSourcesBuildPhase;
			buildActionMask = 2147483647;
			files = (
				685076FE2560C2EE00766490 /* NarouReaderV2Tests.swift in Sources */,
			);
			runOnlyForDeploymentPostprocessing = 0;
		};
		685077002560C2EE00766490 /* Sources */ = {
			isa = PBXSourcesBuildPhase;
			buildActionMask = 2147483647;
			files = (
				685077092560C2EE00766490 /* NarouReaderV2UITests.swift in Sources */,
			);
			runOnlyForDeploymentPostprocessing = 0;
		};
/* End PBXSourcesBuildPhase section */

/* Begin PBXTargetDependency section */
		685076FB2560C2EE00766490 /* PBXTargetDependency */ = {
			isa = PBXTargetDependency;
			target = 685076E22560C2EB00766490 /* NarouReaderV2 */;
			targetProxy = 685076FA2560C2EE00766490 /* PBXContainerItemProxy */;
		};
		685077062560C2EE00766490 /* PBXTargetDependency */ = {
			isa = PBXTargetDependency;
			target = 685076E22560C2EB00766490 /* NarouReaderV2 */;
			targetProxy = 685077052560C2EE00766490 /* PBXContainerItemProxy */;
		};
/* End PBXTargetDependency section */

/* Begin PBXVariantGroup section */
		685076F12560C2EE00766490 /* LaunchScreen.storyboard */ = {
			isa = PBXVariantGroup;
			children = (
				685076F22560C2EE00766490 /* Base */,
			);
			name = LaunchScreen.storyboard;
			sourceTree = "<group>";
		};
/* End PBXVariantGroup section */

/* Begin XCBuildConfiguration section */
		6850770B2560C2EE00766490 /* Debug */ = {
			isa = XCBuildConfiguration;
			buildSettings = {
				ALWAYS_SEARCH_USER_PATHS = NO;
				CLANG_ANALYZER_NONNULL = YES;
				CLANG_ANALYZER_NUMBER_OBJECT_CONVERSION = YES_AGGRESSIVE;
				CLANG_CXX_LANGUAGE_STANDARD = "gnu++14";
				CLANG_CXX_LIBRARY = "libc++";
				CLANG_ENABLE_MODULES = YES;
				CLANG_ENABLE_OBJC_ARC = YES;
				CLANG_ENABLE_OBJC_WEAK = YES;
				CLANG_WARN_BLOCK_CAPTURE_AUTORELEASING = YES;
				CLANG_WARN_BOOL_CONVERSION = YES;
				CLANG_WARN_COMMA = YES;
				CLANG_WARN_CONSTANT_CONVERSION = YES;
				CLANG_WARN_DEPRECATED_OBJC_IMPLEMENTATIONS = YES;
				CLANG_WARN_DIRECT_OBJC_ISA_USAGE = YES_ERROR;
				CLANG_WARN_DOCUMENTATION_COMMENTS = YES;
				CLANG_WARN_EMPTY_BODY = YES;
				CLANG_WARN_ENUM_CONVERSION = YES;
				CLANG_WARN_INFINITE_RECURSION = YES;
				CLANG_WARN_INT_CONVERSION = YES;
				CLANG_WARN_NON_LITERAL_NULL_CONVERSION = YES;
				CLANG_WARN_OBJC_IMPLICIT_RETAIN_SELF = YES;
				CLANG_WARN_OBJC_LITERAL_CONVERSION = YES;
				CLANG_WARN_OBJC_ROOT_CLASS = YES_ERROR;
				CLANG_WARN_QUOTED_INCLUDE_IN_FRAMEWORK_HEADER = YES;
				CLANG_WARN_RANGE_LOOP_ANALYSIS = YES;
				CLANG_WARN_STRICT_PROTOTYPES = YES;
				CLANG_WARN_SUSPICIOUS_MOVE = YES;
				CLANG_WARN_UNGUARDED_AVAILABILITY = YES_AGGRESSIVE;
				CLANG_WARN_UNREACHABLE_CODE = YES;
				CLANG_WARN__DUPLICATE_METHOD_MATCH = YES;
				COPY_PHASE_STRIP = NO;
				DEBUG_INFORMATION_FORMAT = dwarf;
				ENABLE_STRICT_OBJC_MSGSEND = YES;
				ENABLE_TESTABILITY = YES;
				GCC_C_LANGUAGE_STANDARD = gnu11;
				GCC_DYNAMIC_NO_PIC = NO;
				GCC_NO_COMMON_BLOCKS = YES;
				GCC_OPTIMIZATION_LEVEL = 0;
				GCC_PREPROCESSOR_DEFINITIONS = (
					"DEBUG=1",
					"$(inherited)",
				);
				GCC_WARN_64_TO_32_BIT_CONVERSION = YES;
				GCC_WARN_ABOUT_RETURN_TYPE = YES_ERROR;
				GCC_WARN_UNDECLARED_SELECTOR = YES;
				GCC_WARN_UNINITIALIZED_AUTOS = YES_AGGRESSIVE;
				GCC_WARN_UNUSED_FUNCTION = YES;
				GCC_WARN_UNUSED_VARIABLE = YES;
				IPHONEOS_DEPLOYMENT_TARGET = 14.1;
				MTL_ENABLE_DEBUG_INFO = INCLUDE_SOURCE;
				MTL_FAST_MATH = YES;
				ONLY_ACTIVE_ARCH = YES;
				SDKROOT = iphoneos;
				SWIFT_ACTIVE_COMPILATION_CONDITIONS = DEBUG;
				SWIFT_OPTIMIZATION_LEVEL = "-Onone";
			};
			name = Debug;
		};
		6850770C2560C2EE00766490 /* Release */ = {
			isa = XCBuildConfiguration;
			buildSettings = {
				ALWAYS_SEARCH_USER_PATHS = NO;
				CLANG_ANALYZER_NONNULL = YES;
				CLANG_ANALYZER_NUMBER_OBJECT_CONVERSION = YES_AGGRESSIVE;
				CLANG_CXX_LANGUAGE_STANDARD = "gnu++14";
				CLANG_CXX_LIBRARY = "libc++";
				CLANG_ENABLE_MODULES = YES;
				CLANG_ENABLE_OBJC_ARC = YES;
				CLANG_ENABLE_OBJC_WEAK = YES;
				CLANG_WARN_BLOCK_CAPTURE_AUTORELEASING = YES;
				CLANG_WARN_BOOL_CONVERSION = YES;
				CLANG_WARN_COMMA = YES;
				CLANG_WARN_CONSTANT_CONVERSION = YES;
				CLANG_WARN_DEPRECATED_OBJC_IMPLEMENTATIONS = YES;
				CLANG_WARN_DIRECT_OBJC_ISA_USAGE = YES_ERROR;
				CLANG_WARN_DOCUMENTATION_COMMENTS = YES;
				CLANG_WARN_EMPTY_BODY = YES;
				CLANG_WARN_ENUM_CONVERSION = YES;
				CLANG_WARN_INFINITE_RECURSION = YES;
				CLANG_WARN_INT_CONVERSION = YES;
				CLANG_WARN_NON_LITERAL_NULL_CONVERSION = YES;
				CLANG_WARN_OBJC_IMPLICIT_RETAIN_SELF = YES;
				CLANG_WARN_OBJC_LITERAL_CONVERSION = YES;
				CLANG_WARN_OBJC_ROOT_CLASS = YES_ERROR;
				CLANG_WARN_QUOTED_INCLUDE_IN_FRAMEWORK_HEADER = YES;
				CLANG_WARN_RANGE_LOOP_ANALYSIS = YES;
				CLANG_WARN_STRICT_PROTOTYPES = YES;
				CLANG_WARN_SUSPICIOUS_MOVE = YES;
				CLANG_WARN_UNGUARDED_AVAILABILITY = YES_AGGRESSIVE;
				CLANG_WARN_UNREACHABLE_CODE = YES;
				CLANG_WARN__DUPLICATE_METHOD_MATCH = YES;
				COPY_PHASE_STRIP = NO;
				DEBUG_INFORMATION_FORMAT = "dwarf-with-dsym";
				ENABLE_NS_ASSERTIONS = NO;
				ENABLE_STRICT_OBJC_MSGSEND = YES;
				GCC_C_LANGUAGE_STANDARD = gnu11;
				GCC_NO_COMMON_BLOCKS = YES;
				GCC_WARN_64_TO_32_BIT_CONVERSION = YES;
				GCC_WARN_ABOUT_RETURN_TYPE = YES_ERROR;
				GCC_WARN_UNDECLARED_SELECTOR = YES;
				GCC_WARN_UNINITIALIZED_AUTOS = YES_AGGRESSIVE;
				GCC_WARN_UNUSED_FUNCTION = YES;
				GCC_WARN_UNUSED_VARIABLE = YES;
				IPHONEOS_DEPLOYMENT_TARGET = 14.1;
				MTL_ENABLE_DEBUG_INFO = NO;
				MTL_FAST_MATH = YES;
				SDKROOT = iphoneos;
				SWIFT_COMPILATION_MODE = wholemodule;
				SWIFT_OPTIMIZATION_LEVEL = "-O";
				VALIDATE_PRODUCT = YES;
			};
			name = Release;
		};
		6850770E2560C2EE00766490 /* Debug */ = {
			isa = XCBuildConfiguration;
			baseConfigurationReference = 95EC7C9B02A1DCD0D7A0B863 /* Pods-NarouReaderV2.debug.xcconfig */;
			buildSettings = {
				ASSETCATALOG_COMPILER_APPICON_NAME = AppIcon;
				ASSETCATALOG_COMPILER_GLOBAL_ACCENT_COLOR_NAME = AccentColor;
				CODE_SIGN_STYLE = Automatic;
				DEVELOPMENT_TEAM = 9W237K3MVD;
				INFOPLIST_FILE = NarouReaderV2/Info.plist;
				LD_RUNPATH_SEARCH_PATHS = (
					"$(inherited)",
					"@executable_path/Frameworks",
				);
				PRODUCT_BUNDLE_IDENTIFIER = page.nacky.NarouReaderV2;
				PRODUCT_NAME = "$(TARGET_NAME)";
				SWIFT_VERSION = 5.0;
				TARGETED_DEVICE_FAMILY = "1,2";
			};
			name = Debug;
		};
		6850770F2560C2EE00766490 /* Release */ = {
			isa = XCBuildConfiguration;
			baseConfigurationReference = AABAB9A248F29A87974A6DE4 /* Pods-NarouReaderV2.release.xcconfig */;
			buildSettings = {
				ASSETCATALOG_COMPILER_APPICON_NAME = AppIcon;
				ASSETCATALOG_COMPILER_GLOBAL_ACCENT_COLOR_NAME = AccentColor;
				CODE_SIGN_STYLE = Automatic;
				DEVELOPMENT_TEAM = 9W237K3MVD;
				INFOPLIST_FILE = NarouReaderV2/Info.plist;
				LD_RUNPATH_SEARCH_PATHS = (
					"$(inherited)",
					"@executable_path/Frameworks",
				);
				PRODUCT_BUNDLE_IDENTIFIER = page.nacky.NarouReaderV2;
				PRODUCT_NAME = "$(TARGET_NAME)";
				SWIFT_VERSION = 5.0;
				TARGETED_DEVICE_FAMILY = "1,2";
			};
			name = Release;
		};
		685077112560C2EE00766490 /* Debug */ = {
			isa = XCBuildConfiguration;
			baseConfigurationReference = A211BA4A46E1D5B0D1CF3057 /* Pods-NarouReaderV2Tests.debug.xcconfig */;
			buildSettings = {
				ALWAYS_EMBED_SWIFT_STANDARD_LIBRARIES = YES;
				BUNDLE_LOADER = "$(TEST_HOST)";
				CODE_SIGN_STYLE = Automatic;
				DEVELOPMENT_TEAM = 9W237K3MVD;
				INFOPLIST_FILE = NarouReaderV2Tests/Info.plist;
				IPHONEOS_DEPLOYMENT_TARGET = 14.1;
				LD_RUNPATH_SEARCH_PATHS = (
					"$(inherited)",
					"@executable_path/Frameworks",
					"@loader_path/Frameworks",
				);
				PRODUCT_BUNDLE_IDENTIFIER = page.nacky.NarouReaderV2Tests;
				PRODUCT_NAME = "$(TARGET_NAME)";
				SWIFT_VERSION = 5.0;
				TARGETED_DEVICE_FAMILY = "1,2";
				TEST_HOST = "$(BUILT_PRODUCTS_DIR)/NarouReaderV2.app/NarouReaderV2";
			};
			name = Debug;
		};
		685077122560C2EE00766490 /* Release */ = {
			isa = XCBuildConfiguration;
			baseConfigurationReference = 940856AFF1E03A25C66701D4 /* Pods-NarouReaderV2Tests.release.xcconfig */;
			buildSettings = {
				ALWAYS_EMBED_SWIFT_STANDARD_LIBRARIES = YES;
				BUNDLE_LOADER = "$(TEST_HOST)";
				CODE_SIGN_STYLE = Automatic;
				DEVELOPMENT_TEAM = 9W237K3MVD;
				INFOPLIST_FILE = NarouReaderV2Tests/Info.plist;
				IPHONEOS_DEPLOYMENT_TARGET = 14.1;
				LD_RUNPATH_SEARCH_PATHS = (
					"$(inherited)",
					"@executable_path/Frameworks",
					"@loader_path/Frameworks",
				);
				PRODUCT_BUNDLE_IDENTIFIER = page.nacky.NarouReaderV2Tests;
				PRODUCT_NAME = "$(TARGET_NAME)";
				SWIFT_VERSION = 5.0;
				TARGETED_DEVICE_FAMILY = "1,2";
				TEST_HOST = "$(BUILT_PRODUCTS_DIR)/NarouReaderV2.app/NarouReaderV2";
			};
			name = Release;
		};
		685077142560C2EE00766490 /* Debug */ = {
			isa = XCBuildConfiguration;
			baseConfigurationReference = 5E990B471C0811DFFC45F540 /* Pods-NarouReaderV2-NarouReaderV2UITests.debug.xcconfig */;
			buildSettings = {
				ALWAYS_EMBED_SWIFT_STANDARD_LIBRARIES = YES;
				CODE_SIGN_STYLE = Automatic;
				DEVELOPMENT_TEAM = 9W237K3MVD;
				INFOPLIST_FILE = NarouReaderV2UITests/Info.plist;
				LD_RUNPATH_SEARCH_PATHS = (
					"$(inherited)",
					"@executable_path/Frameworks",
					"@loader_path/Frameworks",
				);
				PRODUCT_BUNDLE_IDENTIFIER = page.nacky.NarouReaderV2UITests;
				PRODUCT_NAME = "$(TARGET_NAME)";
				SWIFT_VERSION = 5.0;
				TARGETED_DEVICE_FAMILY = "1,2";
				TEST_TARGET_NAME = NarouReaderV2;
			};
			name = Debug;
		};
		685077152560C2EE00766490 /* Release */ = {
			isa = XCBuildConfiguration;
			baseConfigurationReference = 7551225CF9AB769BCFE1BE33 /* Pods-NarouReaderV2-NarouReaderV2UITests.release.xcconfig */;
			buildSettings = {
				ALWAYS_EMBED_SWIFT_STANDARD_LIBRARIES = YES;
				CODE_SIGN_STYLE = Automatic;
				DEVELOPMENT_TEAM = 9W237K3MVD;
				INFOPLIST_FILE = NarouReaderV2UITests/Info.plist;
				LD_RUNPATH_SEARCH_PATHS = (
					"$(inherited)",
					"@executable_path/Frameworks",
					"@loader_path/Frameworks",
				);
				PRODUCT_BUNDLE_IDENTIFIER = page.nacky.NarouReaderV2UITests;
				PRODUCT_NAME = "$(TARGET_NAME)";
				SWIFT_VERSION = 5.0;
				TARGETED_DEVICE_FAMILY = "1,2";
				TEST_TARGET_NAME = NarouReaderV2;
			};
			name = Release;
		};
/* End XCBuildConfiguration section */

/* Begin XCConfigurationList section */
		685076DE2560C2EB00766490 /* Build configuration list for PBXProject "NarouReaderV2" */ = {
			isa = XCConfigurationList;
			buildConfigurations = (
				6850770B2560C2EE00766490 /* Debug */,
				6850770C2560C2EE00766490 /* Release */,
			);
			defaultConfigurationIsVisible = 0;
			defaultConfigurationName = Release;
		};
		6850770D2560C2EE00766490 /* Build configuration list for PBXNativeTarget "NarouReaderV2" */ = {
			isa = XCConfigurationList;
			buildConfigurations = (
				6850770E2560C2EE00766490 /* Debug */,
				6850770F2560C2EE00766490 /* Release */,
			);
			defaultConfigurationIsVisible = 0;
			defaultConfigurationName = Release;
		};
		685077102560C2EE00766490 /* Build configuration list for PBXNativeTarget "NarouReaderV2Tests" */ = {
			isa = XCConfigurationList;
			buildConfigurations = (
				685077112560C2EE00766490 /* Debug */,
				685077122560C2EE00766490 /* Release */,
			);
			defaultConfigurationIsVisible = 0;
			defaultConfigurationName = Release;
		};
		685077132560C2EE00766490 /* Build configuration list for PBXNativeTarget "NarouReaderV2UITests" */ = {
			isa = XCConfigurationList;
			buildConfigurations = (
				685077142560C2EE00766490 /* Debug */,
				685077152560C2EE00766490 /* Release */,
			);
			defaultConfigurationIsVisible = 0;
			defaultConfigurationName = Release;
		};
/* End XCConfigurationList section */
	};
	rootObject = 685076DB2560C2EB00766490 /* Project object */;
}
